{
    "_meta": {
        "hash": {
            "sha256": "8c919626f2902c7b1b06a26a605421b4b8c93d218099c4c695835435e81234f1"
        },
        "pipfile-spec": 6,
        "requires": {
            "python_version": "3.7"
        },
        "sources": [
            {
                "name": "pypi",
                "url": "https://pypi.org/simple",
                "verify_ssl": true
            }
        ]
    },
    "default": {
        "authlib": {
            "hashes": [
                "sha256:40728195efe915c96209a6a57ad6b5565a951bb469f01bd0c38ea13a0bac6c68",
                "sha256:4b6a82217b376fe5e7a9e5348865591077c2e6e5d987f4741ac74975b75aa145"
            ],
            "index": "pypi",
            "version": "==0.12.1"
        },
        "beautifulsoup4": {
            "hashes": [
                "sha256:4c98143716ef1cb40bf7f39a8e3eec8f8b009509e74904ba3a7b315431577e35",
                "sha256:84729e322ad1d5b4d25f805bfa05b902dd96450f43842c4e99067d5e1369eb25",
                "sha256:fff47e031e34ec82bf17e00da8f592fe7de69aeea38be00523c04623c04fb666"
            ],
            "version": "==4.9.3"
        },
        "bs4": {
            "hashes": [
                "sha256:36ecea1fd7cc5c0c6e4a1ff075df26d50da647b75376626cc186e2212886dd3a"
            ],
            "index": "pypi",
            "version": "==0.0.1"
        },
        "certifi": {
            "hashes": [
                "sha256:1a4995114262bffbc2413b159f2a1a480c969de6e6eb13ee966d470af86af59c",
                "sha256:719a74fb9e33b9bd44cc7f3a8d94bc35e4049deebe19ba7d8e108280cfd59830"
            ],
            "version": "==2020.12.5"
        },
        "cffi": {
            "hashes": [
                "sha256:005a36f41773e148deac64b08f233873a4d0c18b053d37da83f6af4d9087b813",
                "sha256:0857f0ae312d855239a55c81ef453ee8fd24136eaba8e87a2eceba644c0d4c06",
                "sha256:1071534bbbf8cbb31b498d5d9db0f274f2f7a865adca4ae429e147ba40f73dea",
                "sha256:158d0d15119b4b7ff6b926536763dc0714313aa59e320ddf787502c70c4d4bee",
                "sha256:1f436816fc868b098b0d63b8920de7d208c90a67212546d02f84fe78a9c26396",
                "sha256:2894f2df484ff56d717bead0a5c2abb6b9d2bf26d6960c4604d5c48bbc30ee73",
                "sha256:29314480e958fd8aab22e4a58b355b629c59bf5f2ac2492b61e3dc06d8c7a315",
                "sha256:34eff4b97f3d982fb93e2831e6750127d1355a923ebaeeb565407b3d2f8d41a1",
                "sha256:35f27e6eb43380fa080dccf676dece30bef72e4a67617ffda586641cd4508d49",
                "sha256:3d3dd4c9e559eb172ecf00a2a7517e97d1e96de2a5e610bd9b68cea3925b4892",
                "sha256:43e0b9d9e2c9e5d152946b9c5fe062c151614b262fda2e7b201204de0b99e482",
                "sha256:48e1c69bbacfc3d932221851b39d49e81567a4d4aac3b21258d9c24578280058",
                "sha256:51182f8927c5af975fece87b1b369f722c570fe169f9880764b1ee3bca8347b5",
                "sha256:58e3f59d583d413809d60779492342801d6e82fefb89c86a38e040c16883be53",
                "sha256:5de7970188bb46b7bf9858eb6890aad302577a5f6f75091fd7cdd3ef13ef3045",
                "sha256:65fa59693c62cf06e45ddbb822165394a288edce9e276647f0046e1ec26920f3",
                "sha256:69e395c24fc60aad6bb4fa7e583698ea6cc684648e1ffb7fe85e3c1ca131a7d5",
                "sha256:6c97d7350133666fbb5cf4abdc1178c812cb205dc6f41d174a7b0f18fb93337e",
                "sha256:6e4714cc64f474e4d6e37cfff31a814b509a35cb17de4fb1999907575684479c",
                "sha256:72d8d3ef52c208ee1c7b2e341f7d71c6fd3157138abf1a95166e6165dd5d4369",
                "sha256:8ae6299f6c68de06f136f1f9e69458eae58f1dacf10af5c17353eae03aa0d827",
                "sha256:8b198cec6c72df5289c05b05b8b0969819783f9418e0409865dac47288d2a053",
                "sha256:99cd03ae7988a93dd00bcd9d0b75e1f6c426063d6f03d2f90b89e29b25b82dfa",
                "sha256:9cf8022fb8d07a97c178b02327b284521c7708d7c71a9c9c355c178ac4bbd3d4",
                "sha256:9de2e279153a443c656f2defd67769e6d1e4163952b3c622dcea5b08a6405322",
                "sha256:9e93e79c2551ff263400e1e4be085a1210e12073a31c2011dbbda14bda0c6132",
                "sha256:9ff227395193126d82e60319a673a037d5de84633f11279e336f9c0f189ecc62",
                "sha256:a465da611f6fa124963b91bf432d960a555563efe4ed1cc403ba5077b15370aa",
                "sha256:ad17025d226ee5beec591b52800c11680fca3df50b8b29fe51d882576e039ee0",
                "sha256:afb29c1ba2e5a3736f1c301d9d0abe3ec8b86957d04ddfa9d7a6a42b9367e396",
                "sha256:b85eb46a81787c50650f2392b9b4ef23e1f126313b9e0e9013b35c15e4288e2e",
                "sha256:bb89f306e5da99f4d922728ddcd6f7fcebb3241fc40edebcb7284d7514741991",
                "sha256:cbde590d4faaa07c72bf979734738f328d239913ba3e043b1e98fe9a39f8b2b6",
                "sha256:cd2868886d547469123fadc46eac7ea5253ea7fcb139f12e1dfc2bbd406427d1",
                "sha256:d42b11d692e11b6634f7613ad8df5d6d5f8875f5d48939520d351007b3c13406",
                "sha256:f2d45f97ab6bb54753eab54fffe75aaf3de4ff2341c9daee1987ee1837636f1d",
                "sha256:fd78e5fee591709f32ef6edb9a015b4aa1a5022598e36227500c8f4e02328d9c"
            ],
            "version": "==1.14.5"
        },
        "chardet": {
            "hashes": [
                "sha256:84ab92ed1c4d4f16916e05906b6b75a6c0fb5db821cc65e70cbd64a3e2a5eaae",
                "sha256:fc323ffcaeaed0e0a02bf4d117757b98aed530d9ed4531e3e15460124c106691"
            ],
            "version": "==3.0.4"
        },
        "cryptography": {
            "hashes": [
                "sha256:0f1212a66329c80d68aeeb39b8a16d54ef57071bf22ff4e521657b27372e327d",
                "sha256:1e056c28420c072c5e3cb36e2b23ee55e260cb04eee08f702e0edfec3fb51959",
                "sha256:240f5c21aef0b73f40bb9f78d2caff73186700bf1bc6b94285699aff98cc16c6",
                "sha256:26965837447f9c82f1855e0bc8bc4fb910240b6e0d16a664bb722df3b5b06873",
                "sha256:37340614f8a5d2fb9aeea67fd159bfe4f5f4ed535b1090ce8ec428b2f15a11f2",
                "sha256:3d10de8116d25649631977cb37da6cbdd2d6fa0e0281d014a5b7d337255ca713",
                "sha256:3d8427734c781ea5f1b41d6589c293089704d4759e34597dce91014ac125aad1",
                "sha256:7ec5d3b029f5fa2b179325908b9cd93db28ab7b85bb6c1db56b10e0b54235177",
                "sha256:8e56e16617872b0957d1c9742a3f94b43533447fd78321514abbe7db216aa250",
                "sha256:de4e5f7f68220d92b7637fc99847475b59154b7a1b3868fb7385337af54ac9ca",
                "sha256:eb8cc2afe8b05acbd84a43905832ec78e7b3873fb124ca190f574dca7389a87d",
                "sha256:ee77aa129f481be46f8d92a1a7db57269a2f23052d5f2433b4621bb457081cc9"
            ],
            "version": "==3.4.7"
        },
        "django": {
            "hashes": [
                "sha256:2484f115891ab1a0e9ae153602a641fbc15d7894c036d79fb78662c0965d7954",
                "sha256:2569f9dc5f8e458a5e988b03d6b7a02bda59b006d6782f4ea0fd590ed7336a64"
            ],
            "index": "pypi",
            "version": "==2.2.20"
        },
        "django-cors-headers": {
            "hashes": [
                "sha256:e4b12209b3a0bc577883fe0ac0aa3adac9e82742389f8ddb6c6b41c66b1e9c4f",
                "sha256:e69b1c909f2eddc7ef2a24f071583bc22b73b871731ea3370ac52b3318c43b3c"
            ],
            "index": "pypi",
            "version": "==3.1.0"
        },
        "idna": {
            "hashes": [
                "sha256:c357b3f628cf53ae2c4c05627ecc484553142ca23264e593d327bcde5e9c3407",
                "sha256:ea8b7f6188e6fa117537c3df7da9fc686d485087abf6ac197f9c46432f7e4a3c"
            ],
            "version": "==2.8"
        },
        "jpype1": {
            "hashes": [
                "sha256:057e84c7e4aac4ee36b6d5117a23eb9f8741d25dd9051075c8beef995bc76a3d",
                "sha256:11c76ba44647861d518ece04e452ea0a2ba523f4e13732d4d8bb4595e33b906c",
                "sha256:13225978f29ba133627b34fac76829a0af7cb734bcf61fe2660a7f1284adb962",
                "sha256:16fcb2bcdf58868356c9a11ce793d301ff994df89af76331aa7c11837cc59ee9",
                "sha256:1fcc25bcbd57d2ee73c6d888183f576f29cd38707216100e023f23e482804515",
                "sha256:36a33b3bbece6fdfac5eefba212067b8579bc250fbf3679ba1be954b50ff1322",
                "sha256:383d6ad4b58c8b7afcf70075af0321a82c686fa8faa792fc6e954494d869a054",
                "sha256:3d30c860f84b1b7b36b361bce93e897b80c85a080a39bb86901010be50a61556",
                "sha256:3f2c954abd89da855b7774bd9ad0fb9e2ef94f772cc25d0fac6fc8d91a3bf6dd",
                "sha256:456d1d5940336c4872388069fe3455d1127ac529f83f1470a8801f7b470cd1b2",
                "sha256:4f1bfbe2464572f61cd23859f070c953c991753829d49a3c2436a630b7a95747",
                "sha256:592140f1bd00202f6c5a5508b2fb3c7671bd00aaa56b246a31dd317972d85e1a",
                "sha256:5c0db380523bb33613266e20bf022c7796d3c664823bc049ec94f3da009c0b0f",
                "sha256:65475399c3a115f565907f35b2694b3d3a1e9ad83e77c9142f7b2e46fbb24475",
                "sha256:8130c704cece728fa590443ae8fb33cdfb6ac5ab4d9acb5d132d7b2ab4e92461",
                "sha256:8a6a4dc63f967b22876424ad9b80f6ab87488da27918ce6fc2cf5e0016eb0218",
                "sha256:910e006d840474376edef891bc5c4f5ceb26f8d00066e4fca49ad1cc9bb0deb5",
                "sha256:96cd4c5dcfe8e5fb746f1cc8cd0abcff12f6f443b626372493374d609a7c24cd",
                "sha256:9bf99f62559b4016038c08ffc97f024d07381c98e268d797c8219e976ad5851b",
                "sha256:b411a387d25481648694ab78af26b161b2a731ce0e540787f0a0db35948ae30d",
                "sha256:d217402b59f83acc9a09014073ced70f1bf5e2073fbf40ecb1dfeea86d68b433",
                "sha256:da0daad69e4676c166e953161fba70e2b5a3184fc4d5f9df47aa9b2ca1dc4fdc",
                "sha256:e673f45b3099b5f96a2f6e1ae0fbcd801bbed605418f4112d8cbd9ea4dfaae7f",
                "sha256:ead6858694122110f9dccc6e4d9d54780e2f80814bf98431f937b811485fd5e6",
                "sha256:f210646127d24be73cfc6d807e2cda1c6b2ab39b7a293008e8b46367af6f2204",
                "sha256:f2f395d0d60852a0b39ce91d8a0d51c2fc5d199e800762a748e09ffbcbf5e0e5",
                "sha256:fa4fc54d6ad6a5714b7c0e441f869933db95c0a3dc66b5869b48c93660992917",
                "sha256:fcae8ca7ce9ca24f9253964ff3dbd6c66d18d74d84dd2fb67ce529a07b4fd515",
                "sha256:fe4b09f36b15a4030ef8045b9f3f6882b1546dfb379da8351a82c0969acf8bde"
            ],
            "version": "==1.2.1"
        },
        "konlpy": {
            "hashes": [
                "sha256:53a84bb1ba271c82fa6a58ef8b116567d3c7023ee670a936084e438da79a65e9",
                "sha256:592fedd9de05d005f913df580e0028d2065c6db89ce5049205a26919a3853ccc"
            ],
            "index": "pypi",
            "version": "==0.5.1"
        },
        "mysqlclient": {
            "hashes": [
                "sha256:79a498ddda955e488f80c82a6392bf6e07c323d48db236033f33825665d8ba5c",
                "sha256:8c3b61d89f7daaeab6aad6bf4c4bc3ef30bec1a8169f94dc59aea87ba2fabf80",
                "sha256:9c737cc55a5dc8dd3583a942d5a9b21be58d16f00f5fefca4e575e7d9682e98c"
            ],
            "index": "pypi",
            "version": "==1.4.4"
        },
        "pycparser": {
            "hashes": [
                "sha256:2d475327684562c3a96cc71adf7dc8c4f0565175cf86b6d7a404ff4c771f15f0",
                "sha256:7582ad22678f0fcd81102833f60ef8d0e57288b6b5fb00323d101be910e35705"
            ],
            "version": "==2.20"
        },
        "pycryptodome": {
            "hashes": [
                "sha256:023c294367d7189ae224fb61bc8d49a2347704087c1c78dbd5ab114dd5b97761",
                "sha256:0f29e1238ad3b6b6e2acd7ea1d8e8b382978a56503f2c48b67d5dc144d143cb0",
                "sha256:18f376698e3ddcb1d3b312512ca78c9eed132e68ac6d0bf2e72452dfe213e96f",
                "sha256:1de815b847982f909dc2e5e2ca641b85cde80d95cc7e6a359c03d4b42cd21568",
                "sha256:1ff619b8e4050799ca5ca0ffdf8eb0dbccba6997997866755f37e6aa7dde23fe",
                "sha256:233a04bb7bdd4b07e14d61d5166150942d872802daa4f049d49a453fe0659e94",
                "sha256:33c07e1e36ec84524b49f99f11804d5e4d2188c643e84d914cb1e0a277ed3c79",
                "sha256:3701822a085dbebf678bfbdfbd6ebd92ffa80d5a544c9979984bf16a67c9790b",
                "sha256:3f8e6851c0a45429f9b86c1597d3b831b0cff140b3e170a891fce55ef8dac2bb",
                "sha256:4f6cdddf1fe72e7f173e9734aa19b94cbd046b61a8559d650ff222e36021d5c1",
                "sha256:52d20b22c5b1fc952b4c686b99a6c55c3b0b0a673bec30570f156a72198f66ff",
                "sha256:5452b534fecf8bf57cf9106d00877f5f4ab7264e7a5e1f5ea8d15b04517d1255",
                "sha256:5a7a9a4a7f8f0990fa97fee71c7f7e0c412925c515cfc6d4996961e92c9be8e5",
                "sha256:600bf9dd5fbed0feee83950e2a8baacaa1f38b56c237fff270d31e47f8da9e52",
                "sha256:6840c9881e528224ebf72b3f73b3d11baf399e265106c9f4d9bae4f09615a93a",
                "sha256:71b041d43fe13004abc36ca720ac64ea489ee8a3407a25116481d0faf9d62494",
                "sha256:7252498b427c421e306473ed344e58235eedd95c15fec2e1b33d333aefa1ea10",
                "sha256:8d2135c941d38f241e0e62dbdfc1ca5d9240527e61316126797f50b6f3e49825",
                "sha256:a0962aea03933b99cf391c3e10dfef32f77915d5553464264cfbc6711f31d254",
                "sha256:a117047a220b3911d425affcd1cbc97a1af7ea7eb5d985d9964d42b4f0558489",
                "sha256:a35a5c588248ba00eb976a8554211e584a55de286783bc69b12bdd7954052b4a",
                "sha256:c1a4f3f651471b9bf60b0d98fa8a994b8a73ff8ab4edc691e23243c853aaff9f",
                "sha256:c419943306756ddd1a1997120bb073733bc223365909c68185106d5521cbc0ef",
                "sha256:c453ad968b67d66448543420ec39770c30bd16d986058255f058ab87c4f6cc1f",
                "sha256:d2d78644655629c7d1b9bf28e479d29facc0949d9ff095103ca9c2314b329ee0",
                "sha256:d7be60dc2126ee350ac7191549f5ab05c2dd76a5d5a3022249f395a401c6ea37",
                "sha256:dbeb08ad850056747aa7d5f33273b7ce0b9a77910604a1be7b7a6f2ef076213f",
                "sha256:f02382dc1bf91fb7123f2a3851fb1b526c871fa9359f387f2bcc847efc74ae52"
            ],
            "index": "pypi",
            "version": "==3.9.0"
        },
        "pytz": {
            "hashes": [
                "sha256:83a4a90894bf38e243cf052c8b58f381bfe9a7a483f6a9cab140bc7f702ac4da",
                "sha256:eb10ce3e7736052ed3623d49975ce333bcd712c7bb19a58b9e2089d4057d0798"
            ],
            "version": "==2021.1"
        },
        "requests": {
            "hashes": [
                "sha256:11e007a8a2aa0323f5a921e9e6a2d7e4e67d9877e85773fba9ba6419025cbeb4",
                "sha256:9cf5292fcd0f598c671cfc1e0d7d1a7f13bb8085e9a590f48c010551dc6c4b31"
            ],
            "index": "pypi",
            "version": "==2.22.0"
        },
        "selenium": {
            "hashes": [
                "sha256:7491b5391f29a74774d475456d3a138e00fae0b3966f68a100f1f3ad331ce166",
                "sha256:ea4afaf158108dfd77de848f7d57bb8152b22d862481468150206dec957bc13f"
            ],
            "index": "pypi",
            "version": "==4.0.0a1"
        },
        "soupsieve": {
            "hashes": [
                "sha256:052774848f448cf19c7e959adf5566904d525f33a3f8b6ba6f6f8f26ec7de0cc",
                "sha256:c2c1c2d44f158cdbddab7824a9af8c4f83c76b1e23e049479aa432feb6c4c23b"
            ],
            "markers": "python_version >= '3.0'",
            "version": "==2.2.1"
        },
        "sqlparse": {
            "hashes": [
                "sha256:017cde379adbd6a1f15a61873f43e8274179378e95ef3fede90b5aa64d304ed0",
                "sha256:0f91fd2e829c44362cbcfab3e9ae12e22badaa8a29ad5ff599f9ec109f0454e8"
            ],
            "version": "==0.4.1"
        },
        "typing-extensions": {
            "hashes": [
                "sha256:7cb407020f00f7bfc3cb3e7881628838e69d8f3fcab2f64742a5e76b2f841918",
                "sha256:99d4073b617d30288f569d3f13d2bd7548c3a7e4c8de87db09a9d29bb3a4a60c",
                "sha256:dafc7639cde7f1b6e1acc0f457842a83e722ccca8eef5270af2d74792619a89f"
            ],
            "markers": "python_version < '3.8'",
            "version": "==3.7.4.3"
        },
        "urllib3": {
            "hashes": [
                "sha256:8d7eaa5a82a1cac232164990f04874c594c9453ec55eef02eab885aa02fc17a2",
                "sha256:f5321fbe4bf3fefa0efd0bfe7fb14e90909eb62a48ccda331726b4319897dd5e"
            ],
            "version": "==1.25.11"
        }
    },
    "develop": {
        "appdirs": {
            "hashes": [
                "sha256:7d5d0167b2b1ba821647616af46a749d1c653740dd0d2415100fe26e27afdf41",
                "sha256:a841dacd6b99318a741b166adb07e19ee71a274450e68237b4650ca1055ab128"
            ],
            "version": "==1.4.4"
        },
        "astroid": {
            "hashes": [
                "sha256:6b0ed1af831570e500e2437625979eaa3b36011f66ddfc4ce930128610258ca9",
                "sha256:cd80bf957c49765dce6d92c43163ff9d2abc43132ce64d4b1b47717c6d2522df"
            ],
            "version": "==2.5.2"
        },
        "attrs": {
            "hashes": [
                "sha256:31b2eced602aa8423c2aea9c76a724617ed67cf9513173fd3a4f03e3a929c7e6",
                "sha256:832aa3cde19744e49938b91fea06d69ecb9e649c93ba974535d08ad92164f700"
            ],
            "version": "==20.3.0"
        },
        "black": {
            "hashes": [
                "sha256:09a9dcb7c46ed496a9850b76e4e825d6049ecd38b611f1224857a79bd985a8cf",
                "sha256:68950ffd4d9169716bcb8719a56c07a2f4485354fec061cdd5910aa07369731c"
            ],
            "index": "pypi",
            "version": "==19.3b0"
        },
        "click": {
            "hashes": [
                "sha256:681c9380a24b22fec089c8e5ffe40aa16a0da79f248a26fe2481bfa8170bfcc1",
                "sha256:e4315a188403c0258bbc4a4e31863e48fc301c4e95b8007a8eeda0391158df13"
            ],
            "version": "==8.0.0a1"
        },
        "isort": {
            "hashes": [
                "sha256:54da7e92468955c4fceacd0c86bd0ec997b0e1ee80d97f67c35a78b719dccab1",
                "sha256:6e811fcb295968434526407adb8796944f1988c5b65e8139058f2014cbe100fd"
            ],
            "version": "==4.3.21"
        },
        "lazy-object-proxy": {
            "hashes": [
                "sha256:17e0967ba374fc24141738c69736da90e94419338fd4c7c7bef01ee26b339653",
                "sha256:1fee665d2638491f4d6e55bd483e15ef21f6c8c2095f235fef72601021e64f61",
                "sha256:22ddd618cefe54305df49e4c069fa65715be4ad0e78e8d252a33debf00f6ede2",
                "sha256:24a5045889cc2729033b3e604d496c2b6f588c754f7a62027ad4437a7ecc4837",
                "sha256:410283732af311b51b837894fa2f24f2c0039aa7f220135192b38fcc42bd43d3",
                "sha256:4732c765372bd78a2d6b2150a6e99d00a78ec963375f236979c0626b97ed8e43",
                "sha256:489000d368377571c6f982fba6497f2aa13c6d1facc40660963da62f5c379726",
                "sha256:4f60460e9f1eb632584c9685bccea152f4ac2130e299784dbaf9fae9f49891b3",
                "sha256:5743a5ab42ae40caa8421b320ebf3a998f89c85cdc8376d6b2e00bd12bd1b587",
                "sha256:85fb7608121fd5621cc4377a8961d0b32ccf84a7285b4f1d21988b2eae2868e8",
                "sha256:9698110e36e2df951c7c36b6729e96429c9c32b3331989ef19976592c5f3c77a",
                "sha256:9d397bf41caad3f489e10774667310d73cb9c4258e9aed94b9ec734b34b495fd",
                "sha256:b579f8acbf2bdd9ea200b1d5dea36abd93cabf56cf626ab9c744a432e15c815f",
                "sha256:b865b01a2e7f96db0c5d12cfea590f98d8c5ba64ad222300d93ce6ff9138bcad",
                "sha256:bf34e368e8dd976423396555078def5cfc3039ebc6fc06d1ae2c5a65eebbcde4",
                "sha256:c6938967f8528b3668622a9ed3b31d145fab161a32f5891ea7b84f6b790be05b",
                "sha256:d1c2676e3d840852a2de7c7d5d76407c772927addff8d742b9808fe0afccebdf",
                "sha256:d7124f52f3bd259f510651450e18e0fd081ed82f3c08541dffc7b94b883aa981",
                "sha256:d900d949b707778696fdf01036f58c9876a0d8bfe116e8d220cfd4b15f14e741",
                "sha256:ebfd274dcd5133e0afae738e6d9da4323c3eb021b3e13052d8cbd0e457b1256e",
                "sha256:ed361bb83436f117f9917d282a456f9e5009ea12fd6de8742d1a4752c3017e93",
                "sha256:f5144c75445ae3ca2057faac03fda5a902eff196702b0a24daf1d6ce0650514b"
            ],
            "version": "==1.6.0"
        },
        "mccabe": {
            "hashes": [
                "sha256:ab8a6258860da4b6677da4bd2fe5dc2c659cff31b3ee4f7f5d64e79735b80d42",
                "sha256:dd8d182285a0fe56bace7f45b5e7d1a6ebcbf524e8f3bd87eb0f125271b8831f"
            ],
            "version": "==0.6.1"
        },
        "pylint": {
            "hashes": [
                "sha256:2d64b4b8fa044480b1a49d47535da53557f8f426b8c5bd6a23beb65e905101a1",
                "sha256:6cbd124a1a5ed1fd3f3fed4178a6c2ba166862ea0dac6ab2ff8d9f0998b13e5c"
            ],
            "index": "pypi",
            "version": "==2.4.1"
        },
        "toml": {
            "hashes": [
                "sha256:806143ae5bfb6a3c6e736a764057db0e6a0e05e338b5630894a5f779cabb4f9b",
                "sha256:b3bda1d108d5dd99f4a20d24d9c348e91c4db7ab1b749200bded2f839ccbe68f"
            ],
            "version": "==0.10.2"
        },
        "typed-ast": {
            "hashes": [
                "sha256:07d49388d5bf7e863f7fa2f124b1b1d89d8aa0e2f7812faff0a5658c01c59aa1",
                "sha256:14bf1522cdee369e8f5581238edac09150c765ec1cb33615855889cf33dcb92d",
                "sha256:240296b27397e4e37874abb1df2a608a92df85cf3e2a04d0d4d61055c8305ba6",
                "sha256:36d829b31ab67d6fcb30e185ec996e1f72b892255a745d3a82138c97d21ed1cd",
                "sha256:37f48d46d733d57cc70fd5f30572d11ab8ed92da6e6b28e024e4a3edfb456e37",
                "sha256:4c790331247081ea7c632a76d5b2a265e6d325ecd3179d06e9cf8d46d90dd151",
                "sha256:5dcfc2e264bd8a1db8b11a892bd1647154ce03eeba94b461effe68790d8b8e07",
                "sha256:7147e2a76c75f0f64c4319886e7639e490fee87c9d25cb1d4faef1d8cf83a440",
                "sha256:7703620125e4fb79b64aa52427ec192822e9f45d37d4b6625ab37ef403e1df70",
                "sha256:8368f83e93c7156ccd40e49a783a6a6850ca25b556c0fa0240ed0f659d2fe496",
                "sha256:84aa6223d71012c68d577c83f4e7db50d11d6b1399a9c779046d75e24bed74ea",
                "sha256:85f95aa97a35bdb2f2f7d10ec5bbdac0aeb9dafdaf88e17492da0504de2e6400",
                "sha256:8db0e856712f79c45956da0c9a40ca4246abc3485ae0d7ecc86a20f5e4c09abc",
                "sha256:9044ef2df88d7f33692ae3f18d3be63dec69c4fb1b5a4a9ac950f9b4ba571606",
                "sha256:963c80b583b0661918718b095e02303d8078950b26cc00b5e5ea9ababe0de1fc",
                "sha256:987f15737aba2ab5f3928c617ccf1ce412e2e321c77ab16ca5a293e7bbffd581",
                "sha256:9ec45db0c766f196ae629e509f059ff05fc3148f9ffd28f3cfe75d4afb485412",
                "sha256:9fc0b3cb5d1720e7141d103cf4819aea239f7d136acf9ee4a69b047b7986175a",
                "sha256:a2c927c49f2029291fbabd673d51a2180038f8cd5a5b2f290f78c4516be48be2",
                "sha256:a38878a223bdd37c9709d07cd357bb79f4c760b29210e14ad0fb395294583787",
                "sha256:b4fcdcfa302538f70929eb7b392f536a237cbe2ed9cba88e3bf5027b39f5f77f",
                "sha256:c0c74e5579af4b977c8b932f40a5464764b2f86681327410aa028a22d2f54937",
                "sha256:c1c876fd795b36126f773db9cbb393f19808edd2637e00fd6caba0e25f2c7b64",
                "sha256:c9aadc4924d4b5799112837b226160428524a9a45f830e0d0f184b19e4090487",
                "sha256:cc7b98bf58167b7f2db91a4327da24fb93368838eb84a44c472283778fc2446b",
                "sha256:cf54cfa843f297991b7388c281cb3855d911137223c6b6d2dd82a47ae5125a41",
                "sha256:d003156bb6a59cda9050e983441b7fa2487f7800d76bdc065566b7d728b4581a",
                "sha256:d175297e9533d8d37437abc14e8a83cbc68af93cc9c1c59c2c292ec59a0697a3",
                "sha256:d746a437cdbca200622385305aedd9aef68e8a645e385cc483bdc5e488f07166",
                "sha256:e683e409e5c45d5c9082dc1daf13f6374300806240719f95dc783d1fc942af10"
            ],
            "markers": "implementation_name == 'cpython' and python_version < '3.8'",
            "version": "==1.4.2"
        },
        "wrapt": {
            "hashes": [
                "sha256:b62ffa81fb85f4332a4f609cab4ac40709470da05643a082ec1eb88e6d9b97d7"
            ],
            "version": "==1.12.1"
        }
    }
}
